
Microsoft Visual Studio Solution File, Format Version 12.00
# Visual Studio 15
VisualStudioVersion = 15.0.28010.2003
MinimumVisualStudioVersion = 10.0.40219.1
Project("{2150E333-8FDC-42A3-9474-1A3956D46DE8}") = "Proyecto Windows", "Proyecto Windows", "{299855FD-A07A-4F0D-8D54-35C47CF061EF}"
EndProject
Project("{2150E333-8FDC-42A3-9474-1A3956D46DE8}") = "Comunes", "Comunes", "{2CACB3DE-A9D2-4006-9148-A0C9AA4D3136}"
EndProject
Project("{FAE04EC0-301F-11D3-BF4B-00C04F79EFBC}") = "FerreteriaApp.Entidades", "FerreteriaApp.Entidades\FerreteriaApp.Entidades.csproj", "{9D7B75CC-BB0B-4D0C-9F7D-816E82B56892}"
EndProject
Project("{FAE04EC0-301F-11D3-BF4B-00C04F79EFBC}") = "FerreteriaApp.Presentacion", "FerreteriaApp.Presentacion\FerreteriaApp.Presentacion.csproj", "{C3D81E97-AF33-4BBD-AB56-2978F80DB93A}"
EndProject
Project("{FAE04EC0-301F-11D3-BF4B-00C04F79EFBC}") = "FerreteriaApp.Datos", "FerreteriaApp.Datos\FerreteriaApp.Datos.csproj", "{8036F1EC-38DB-47B9-ABB8-7260E5E2FB8F}"
EndProject
Project("{FAE04EC0-301F-11D3-BF4B-00C04F79EFBC}") = "FerreteriaApp.Comun", "FerreteriaApp.Comun\FerreteriaApp.Comun.csproj", "{D800FE4E-FF93-4579-A1A3-9E8AC1FE1223}"
EndProject
Global
	GlobalSection(SolutionConfigurationPlatforms) = preSolution
		Debug|Any CPU = Debug|Any CPU
		Release|Any CPU = Release|Any CPU
	EndGlobalSection
	GlobalSection(ProjectConfigurationPlatforms) = postSolution
		{9D7B75CC-BB0B-4D0C-9F7D-816E82B56892}.Debug|Any CPU.ActiveCfg = Debug|Any CPU
		{9D7B75CC-BB0B-4D0C-9F7D-816E82B56892}.Debug|Any CPU.Build.0 = Debug|Any CPU
		{9D7B75CC-BB0B-4D0C-9F7D-816E82B56892}.Release|Any CPU.ActiveCfg = Release|Any CPU
		{9D7B75CC-BB0B-4D0C-9F7D-816E82B56892}.Release|Any CPU.Build.0 = Release|Any CPU
		{C3D81E97-AF33-4BBD-AB56-2978F80DB93A}.Debug|Any CPU.ActiveCfg = Debug|Any CPU
		{C3D81E97-AF33-4BBD-AB56-2978F80DB93A}.Debug|Any CPU.Build.0 = Debug|Any CPU
		{C3D81E97-AF33-4BBD-AB56-2978F80DB93A}.Release|Any CPU.ActiveCfg = Release|Any CPU
		{C3D81E97-AF33-4BBD-AB56-2978F80DB93A}.Release|Any CPU.Build.0 = Release|Any CPU
		{8036F1EC-38DB-47B9-ABB8-7260E5E2FB8F}.Debug|Any CPU.ActiveCfg = Debug|Any CPU
		{8036F1EC-38DB-47B9-ABB8-7260E5E2FB8F}.Debug|Any CPU.Build.0 = Debug|Any CPU
		{8036F1EC-38DB-47B9-ABB8-7260E5E2FB8F}.Release|Any CPU.ActiveCfg = Release|Any CPU
		{8036F1EC-38DB-47B9-ABB8-7260E5E2FB8F}.Release|Any CPU.Build.0 = Release|Any CPU
		{D800FE4E-FF93-4579-A1A3-9E8AC1FE1223}.Debug|Any CPU.ActiveCfg = Debug|Any CPU
		{D800FE4E-FF93-4579-A1A3-9E8AC1FE1223}.Debug|Any CPU.Build.0 = Debug|Any CPU
		{D800FE4E-FF93-4579-A1A3-9E8AC1FE1223}.Release|Any CPU.ActiveCfg = Release|Any CPU
		{D800FE4E-FF93-4579-A1A3-9E8AC1FE1223}.Release|Any CPU.Build.0 = Release|Any CPU
	EndGlobalSection
	GlobalSection(SolutionProperties) = preSolution
		HideSolutionNode = FALSE
	EndGlobalSection
	GlobalSection(NestedProjects) = preSolution
		{9D7B75CC-BB0B-4D0C-9F7D-816E82B56892} = {299855FD-A07A-4F0D-8D54-35C47CF061EF}
		{C3D81E97-AF33-4BBD-AB56-2978F80DB93A} = {299855FD-A07A-4F0D-8D54-35C47CF061EF}
		{8036F1EC-38DB-47B9-ABB8-7260E5E2FB8F} = {299855FD-A07A-4F0D-8D54-35C47CF061EF}
		{D800FE4E-FF93-4579-A1A3-9E8AC1FE1223} = {2CACB3DE-A9D2-4006-9148-A0C9AA4D3136}
	EndGlobalSection
	GlobalSection(ExtensibilityGlobals) = postSolution
		SolutionGuid = {A2F65EC3-D4BD-4688-A439-430F3A907964}
	EndGlobalSection
EndGlobal
